
Microsoft Visual Studio Solution File, Format Version 12.00
# Visual Studio Version 16
VisualStudioVersion = 25.0.1700.7
MinimumVisualStudioVersion = 10.0.40219.1
Project("{FAE04EC0-301F-11D3-BF4B-00C04F79EFBC}") = "ArkTmStore.Api", "ArkTmStore.Api\ArkTmStore.Api.csproj", "{23B2E394-964A-4433-A909-3AA965819D2C}"
EndProject
Global
	GlobalSection(SolutionConfigurationPlatforms) = preSolution
		Debug|Any CPU = Debug|Any CPU
		Release|Any CPU = Release|Any CPU
	EndGlobalSection
	GlobalSection(ProjectConfigurationPlatforms) = postSolution
		{23B2E394-964A-4433-A909-3AA965819D2C}.Debug|Any CPU.ActiveCfg = Debug|Any CPU
		{23B2E394-964A-4433-A909-3AA965819D2C}.Debug|Any CPU.Build.0 = Debug|Any CPU
		{23B2E394-964A-4433-A909-3AA965819D2C}.Release|Any CPU.ActiveCfg = Release|Any CPU
		{23B2E394-964A-4433-A909-3AA965819D2C}.Release|Any CPU.Build.0 = Release|Any CPU
	EndGlobalSection
	GlobalSection(SolutionProperties) = preSolution
		HideSolutionNode = FALSE
	EndGlobalSection
	GlobalSection(ExtensibilityGlobals) = postSolution
		SolutionGuid = {E400B699-04E9-4930-ABA1-741712A2A560}
	EndGlobalSection
EndGlobal
